// !$*UTF8*$!
{
	archiveVersion = 1;
	classes = {
	};
	objectVersion = 50;
	objects = {

/* Begin PBXBuildFile section */
		1F0CE1CF38EB078C3FD5A2DC /* Pods_ArtableAdmin.framework in Frameworks */ = {isa = PBXBuildFile; fileRef = E329F9EB411B9E85392289DD /* Pods_ArtableAdmin.framework */; };
		EA3C0FB3234D089800E1F05D /* GoogleService-Info.plist in Resources */ = {isa = PBXBuildFile; fileRef = EA3C0FB2234D089800E1F05D /* GoogleService-Info.plist */; };
		EA3C0FB5234D48C300E1F05D /* GoogleService-Info.plist in Resources */ = {isa = PBXBuildFile; fileRef = EA3C0FB4234D48C300E1F05D /* GoogleService-Info.plist */; };
		EA3C0FBB234D680E00E1F05D /* LoginVC.swift in Sources */ = {isa = PBXBuildFile; fileRef = EA3C0FBA234D680E00E1F05D /* LoginVC.swift */; };
		EA3C0FBD234D681F00E1F05D /* RegisterVC.swift in Sources */ = {isa = PBXBuildFile; fileRef = EA3C0FBC234D681F00E1F05D /* RegisterVC.swift */; };
		EA6EE15E234ECCAB005D115D /* Extensions.swift in Sources */ = {isa = PBXBuildFile; fileRef = EA6EE15D234ECCAB005D115D /* Extensions.swift */; };
		EA6EE160234F7358005D115D /* Constants.swift in Sources */ = {isa = PBXBuildFile; fileRef = EA6EE15F234F7358005D115D /* Constants.swift */; };
		EA6EE1622350C7C1005D115D /* RoundedViews.swift in Sources */ = {isa = PBXBuildFile; fileRef = EA6EE1612350C7C1005D115D /* RoundedViews.swift */; };
		EAABD83C234C102200271CE5 /* AppDelegate.swift in Sources */ = {isa = PBXBuildFile; fileRef = EAABD83B234C102200271CE5 /* AppDelegate.swift */; };
		EAABD83E234C102200271CE5 /* SceneDelegate.swift in Sources */ = {isa = PBXBuildFile; fileRef = EAABD83D234C102200271CE5 /* SceneDelegate.swift */; };
		EAABD840234C102200271CE5 /* HomeVC.swift in Sources */ = {isa = PBXBuildFile; fileRef = EAABD83F234C102200271CE5 /* HomeVC.swift */; };
		EAABD843234C102200271CE5 /* Main.storyboard in Resources */ = {isa = PBXBuildFile; fileRef = EAABD841234C102200271CE5 /* Main.storyboard */; };
		EAABD845234C102800271CE5 /* Assets.xcassets in Resources */ = {isa = PBXBuildFile; fileRef = EAABD844234C102800271CE5 /* Assets.xcassets */; };
		EAABD848234C102800271CE5 /* LaunchScreen.storyboard in Resources */ = {isa = PBXBuildFile; fileRef = EAABD846234C102800271CE5 /* LaunchScreen.storyboard */; };
		EAABD856234C110300271CE5 /* AppDelegate.swift in Sources */ = {isa = PBXBuildFile; fileRef = EAABD855234C110300271CE5 /* AppDelegate.swift */; };
		EAABD858234C110300271CE5 /* SceneDelegate.swift in Sources */ = {isa = PBXBuildFile; fileRef = EAABD857234C110300271CE5 /* SceneDelegate.swift */; };
		EAABD85A234C110300271CE5 /* ViewController.swift in Sources */ = {isa = PBXBuildFile; fileRef = EAABD859234C110300271CE5 /* ViewController.swift */; };
		EAABD85D234C110300271CE5 /* Main.storyboard in Resources */ = {isa = PBXBuildFile; fileRef = EAABD85B234C110300271CE5 /* Main.storyboard */; };
		EAABD862234C110600271CE5 /* LaunchScreen.storyboard in Resources */ = {isa = PBXBuildFile; fileRef = EAABD860234C110600271CE5 /* LaunchScreen.storyboard */; };
		EAABD868234C115E00271CE5 /* Assets.xcassets in Resources */ = {isa = PBXBuildFile; fileRef = EAABD844234C102800271CE5 /* Assets.xcassets */; };
		EAABD86A234C15B800271CE5 /* LoginStoryboard.storyboard in Resources */ = {isa = PBXBuildFile; fileRef = EAABD869234C15B800271CE5 /* LoginStoryboard.storyboard */; };
		FD7841FE9BEEBE54B671EADC /* Pods_Artable.framework in Frameworks */ = {isa = PBXBuildFile; fileRef = 0EA5833064C6296AB6DC47B5 /* Pods_Artable.framework */; };
/* End PBXBuildFile section */

/* Begin PBXFileReference section */
		0EA5833064C6296AB6DC47B5 /* Pods_Artable.framework */ = {isa = PBXFileReference; explicitFileType = wrapper.framework; includeInIndex = 0; path = Pods_Artable.framework; sourceTree = BUILT_PRODUCTS_DIR; };
		5E80DE97E3FC06F47B0EF597 /* Pods-Artable.debug.xcconfig */ = {isa = PBXFileReference; includeInIndex = 1; lastKnownFileType = text.xcconfig; name = "Pods-Artable.debug.xcconfig"; path = "Pods/Target Support Files/Pods-Artable/Pods-Artable.debug.xcconfig"; sourceTree = "<group>"; };
		7736106770A721F9476F62CF /* Pods-ArtableAdmin.debug.xcconfig */ = {isa = PBXFileReference; includeInIndex = 1; lastKnownFileType = text.xcconfig; name = "Pods-ArtableAdmin.debug.xcconfig"; path = "Pods/Target Support Files/Pods-ArtableAdmin/Pods-ArtableAdmin.debug.xcconfig"; sourceTree = "<group>"; };
		B64976007A1220AC14598011 /* Pods-Artable.release.xcconfig */ = {isa = PBXFileReference; includeInIndex = 1; lastKnownFileType = text.xcconfig; name = "Pods-Artable.release.xcconfig"; path = "Pods/Target Support Files/Pods-Artable/Pods-Artable.release.xcconfig"; sourceTree = "<group>"; };
		DA728859549FD7AB3594877B /* Pods-ArtableAdmin.release.xcconfig */ = {isa = PBXFileReference; includeInIndex = 1; lastKnownFileType = text.xcconfig; name = "Pods-ArtableAdmin.release.xcconfig"; path = "Pods/Target Support Files/Pods-ArtableAdmin/Pods-ArtableAdmin.release.xcconfig"; sourceTree = "<group>"; };
		E329F9EB411B9E85392289DD /* Pods_ArtableAdmin.framework */ = {isa = PBXFileReference; explicitFileType = wrapper.framework; includeInIndex = 0; path = Pods_ArtableAdmin.framework; sourceTree = BUILT_PRODUCTS_DIR; };
		EA3C0FB2234D089800E1F05D /* GoogleService-Info.plist */ = {isa = PBXFileReference; fileEncoding = 4; lastKnownFileType = text.plist.xml; path = "GoogleService-Info.plist"; sourceTree = "<group>"; };
		EA3C0FB4234D48C300E1F05D /* GoogleService-Info.plist */ = {isa = PBXFileReference; fileEncoding = 4; lastKnownFileType = text.plist.xml; path = "GoogleService-Info.plist"; sourceTree = "<group>"; };
		EA3C0FBA234D680E00E1F05D /* LoginVC.swift */ = {isa = PBXFileReference; lastKnownFileType = sourcecode.swift; path = LoginVC.swift; sourceTree = "<group>"; };
		EA3C0FBC234D681F00E1F05D /* RegisterVC.swift */ = {isa = PBXFileReference; lastKnownFileType = sourcecode.swift; path = RegisterVC.swift; sourceTree = "<group>"; };
		EA6EE15D234ECCAB005D115D /* Extensions.swift */ = {isa = PBXFileReference; lastKnownFileType = sourcecode.swift; path = Extensions.swift; sourceTree = "<group>"; };
		EA6EE15F234F7358005D115D /* Constants.swift */ = {isa = PBXFileReference; lastKnownFileType = sourcecode.swift; path = Constants.swift; sourceTree = "<group>"; };
		EA6EE1612350C7C1005D115D /* RoundedViews.swift */ = {isa = PBXFileReference; lastKnownFileType = sourcecode.swift; path = RoundedViews.swift; sourceTree = "<group>"; };
		EAABD838234C102200271CE5 /* Artable.app */ = {isa = PBXFileReference; explicitFileType = wrapper.application; includeInIndex = 0; path = Artable.app; sourceTree = BUILT_PRODUCTS_DIR; };
		EAABD83B234C102200271CE5 /* AppDelegate.swift */ = {isa = PBXFileReference; lastKnownFileType = sourcecode.swift; path = AppDelegate.swift; sourceTree = "<group>"; };
		EAABD83D234C102200271CE5 /* SceneDelegate.swift */ = {isa = PBXFileReference; lastKnownFileType = sourcecode.swift; path = SceneDelegate.swift; sourceTree = "<group>"; };
		EAABD83F234C102200271CE5 /* HomeVC.swift */ = {isa = PBXFileReference; lastKnownFileType = sourcecode.swift; path = HomeVC.swift; sourceTree = "<group>"; };
		EAABD842234C102200271CE5 /* Base */ = {isa = PBXFileReference; lastKnownFileType = file.storyboard; name = Base; path = Base.lproj/Main.storyboard; sourceTree = "<group>"; };
		EAABD844234C102800271CE5 /* Assets.xcassets */ = {isa = PBXFileReference; lastKnownFileType = folder.assetcatalog; path = Assets.xcassets; sourceTree = "<group>"; };
		EAABD847234C102800271CE5 /* Base */ = {isa = PBXFileReference; lastKnownFileType = file.storyboard; name = Base; path = Base.lproj/LaunchScreen.storyboard; sourceTree = "<group>"; };
		EAABD849234C102800271CE5 /* Info.plist */ = {isa = PBXFileReference; lastKnownFileType = text.plist.xml; path = Info.plist; sourceTree = "<group>"; };
		EAABD853234C110300271CE5 /* ArtableAdmin.app */ = {isa = PBXFileReference; explicitFileType = wrapper.application; includeInIndex = 0; path = ArtableAdmin.app; sourceTree = BUILT_PRODUCTS_DIR; };
		EAABD855234C110300271CE5 /* AppDelegate.swift */ = {isa = PBXFileReference; lastKnownFileType = sourcecode.swift; path = AppDelegate.swift; sourceTree = "<group>"; };
		EAABD857234C110300271CE5 /* SceneDelegate.swift */ = {isa = PBXFileReference; lastKnownFileType = sourcecode.swift; path = SceneDelegate.swift; sourceTree = "<group>"; };
		EAABD859234C110300271CE5 /* ViewController.swift */ = {isa = PBXFileReference; lastKnownFileType = sourcecode.swift; path = ViewController.swift; sourceTree = "<group>"; };
		EAABD85C234C110300271CE5 /* Base */ = {isa = PBXFileReference; lastKnownFileType = file.storyboard; name = Base; path = Base.lproj/Main.storyboard; sourceTree = "<group>"; };
		EAABD861234C110600271CE5 /* Base */ = {isa = PBXFileReference; lastKnownFileType = file.storyboard; name = Base; path = Base.lproj/LaunchScreen.storyboard; sourceTree = "<group>"; };
		EAABD863234C110600271CE5 /* Info.plist */ = {isa = PBXFileReference; lastKnownFileType = text.plist.xml; path = Info.plist; sourceTree = "<group>"; };
		EAABD869234C15B800271CE5 /* LoginStoryboard.storyboard */ = {isa = PBXFileReference; lastKnownFileType = file.storyboard; path = LoginStoryboard.storyboard; sourceTree = "<group>"; };
/* End PBXFileReference section */

/* Begin PBXFrameworksBuildPhase section */
		EAABD835234C102200271CE5 /* Frameworks */ = {
			isa = PBXFrameworksBuildPhase;
			buildActionMask = 2147483647;
			files = (
				FD7841FE9BEEBE54B671EADC /* Pods_Artable.framework in Frameworks */,
			);
			runOnlyForDeploymentPostprocessing = 0;
		};
		EAABD850234C110300271CE5 /* Frameworks */ = {
			isa = PBXFrameworksBuildPhase;
			buildActionMask = 2147483647;
			files = (
				1F0CE1CF38EB078C3FD5A2DC /* Pods_ArtableAdmin.framework in Frameworks */,
			);
			runOnlyForDeploymentPostprocessing = 0;
		};
/* End PBXFrameworksBuildPhase section */

/* Begin PBXGroup section */
		BCCD8DF35A5B217CFA88EA8B /* Frameworks */ = {
			isa = PBXGroup;
			children = (
				0EA5833064C6296AB6DC47B5 /* Pods_Artable.framework */,
				E329F9EB411B9E85392289DD /* Pods_ArtableAdmin.framework */,
			);
			name = Frameworks;
			sourceTree = "<group>";
		};
		CC886DB767D380C17193B725 /* Pods */ = {
			isa = PBXGroup;
			children = (
				5E80DE97E3FC06F47B0EF597 /* Pods-Artable.debug.xcconfig */,
				B64976007A1220AC14598011 /* Pods-Artable.release.xcconfig */,
				7736106770A721F9476F62CF /* Pods-ArtableAdmin.debug.xcconfig */,
				DA728859549FD7AB3594877B /* Pods-ArtableAdmin.release.xcconfig */,
			);
			name = Pods;
			sourceTree = "<group>";
		};
		EA3C0FB6234D676E00E1F05D /* Controller */ = {
			isa = PBXGroup;
			children = (
				EA3C0FBA234D680E00E1F05D /* LoginVC.swift */,
				EA3C0FBC234D681F00E1F05D /* RegisterVC.swift */,
				EAABD83B234C102200271CE5 /* AppDelegate.swift */,
				EAABD83F234C102200271CE5 /* HomeVC.swift */,
				EAABD83D234C102200271CE5 /* SceneDelegate.swift */,
			);
			path = Controller;
			sourceTree = "<group>";
		};
		EA3C0FB7234D677400E1F05D /* View */ = {
			isa = PBXGroup;
			children = (
			);
			path = View;
			sourceTree = "<group>";
		};
		EA3C0FB8234D677A00E1F05D /* Model */ = {
			isa = PBXGroup;
			children = (
			);
			path = Model;
			sourceTree = "<group>";
		};
		EA3C0FB9234D678100E1F05D /* Storyboards */ = {
			isa = PBXGroup;
			children = (
				EAABD869234C15B800271CE5 /* LoginStoryboard.storyboard */,
				EAABD841234C102200271CE5 /* Main.storyboard */,
				EAABD846234C102800271CE5 /* LaunchScreen.storyboard */,
			);
			path = Storyboards;
			sourceTree = "<group>";
		};
		EA6EE15C234ECC1B005D115D /* Utils */ = {
			isa = PBXGroup;
			children = (
				EA6EE15D234ECCAB005D115D /* Extensions.swift */,
				EA6EE15F234F7358005D115D /* Constants.swift */,
			);
			path = Utils;
			sourceTree = "<group>";
		};
		EA6EE1632350C7D2005D115D /* View */ = {
			isa = PBXGroup;
			children = (
				EA6EE1612350C7C1005D115D /* RoundedViews.swift */,
			);
			path = View;
			sourceTree = "<group>";
		};
		EAABD82F234C102200271CE5 = {
			isa = PBXGroup;
			children = (
				EAABD867234C113200271CE5 /* Shared */,
				EAABD83A234C102200271CE5 /* Artable */,
				EAABD854234C110300271CE5 /* ArtableAdmin */,
				EAABD839234C102200271CE5 /* Products */,
				CC886DB767D380C17193B725 /* Pods */,
				BCCD8DF35A5B217CFA88EA8B /* Frameworks */,
			);
			sourceTree = "<group>";
		};
		EAABD839234C102200271CE5 /* Products */ = {
			isa = PBXGroup;
			children = (
				EAABD838234C102200271CE5 /* Artable.app */,
				EAABD853234C110300271CE5 /* ArtableAdmin.app */,
			);
			name = Products;
			sourceTree = "<group>";
		};
		EAABD83A234C102200271CE5 /* Artable */ = {
			isa = PBXGroup;
			children = (
				EA3C0FB9234D678100E1F05D /* Storyboards */,
				EA3C0FB8234D677A00E1F05D /* Model */,
				EA3C0FB7234D677400E1F05D /* View */,
				EA3C0FB6234D676E00E1F05D /* Controller */,
				EA3C0FB2234D089800E1F05D /* GoogleService-Info.plist */,
				EAABD849234C102800271CE5 /* Info.plist */,
			);
			path = Artable;
			sourceTree = "<group>";
		};
		EAABD854234C110300271CE5 /* ArtableAdmin */ = {
			isa = PBXGroup;
			children = (
				EAABD855234C110300271CE5 /* AppDelegate.swift */,
				EAABD857234C110300271CE5 /* SceneDelegate.swift */,
				EAABD859234C110300271CE5 /* ViewController.swift */,
				EAABD85B234C110300271CE5 /* Main.storyboard */,
				EAABD860234C110600271CE5 /* LaunchScreen.storyboard */,
				EA3C0FB4234D48C300E1F05D /* GoogleService-Info.plist */,
				EAABD863234C110600271CE5 /* Info.plist */,
			);
			path = ArtableAdmin;
			sourceTree = "<group>";
		};
		EAABD867234C113200271CE5 /* Shared */ = {
			isa = PBXGroup;
			children = (
				EA6EE1632350C7D2005D115D /* View */,
				EA6EE15C234ECC1B005D115D /* Utils */,
				EAABD844234C102800271CE5 /* Assets.xcassets */,
			);
			path = Shared;
			sourceTree = "<group>";
		};
/* End PBXGroup section */

/* Begin PBXNativeTarget section */
		EAABD837234C102200271CE5 /* Artable */ = {
			isa = PBXNativeTarget;
			buildConfigurationList = EAABD84C234C102800271CE5 /* Build configuration list for PBXNativeTarget "Artable" */;
			buildPhases = (
				3BCFE31CF4ACFF81B8034184 /* [CP] Check Pods Manifest.lock */,
				EAABD834234C102200271CE5 /* Sources */,
				EAABD835234C102200271CE5 /* Frameworks */,
				EAABD836234C102200271CE5 /* Resources */,
				ADCE811636573C02CF9CCCCD /* [CP] Embed Pods Frameworks */,
			);
			buildRules = (
			);
			dependencies = (
			);
			name = Artable;
			productName = Artable;
			productReference = EAABD838234C102200271CE5 /* Artable.app */;
			productType = "com.apple.product-type.application";
		};
		EAABD852234C110300271CE5 /* ArtableAdmin */ = {
			isa = PBXNativeTarget;
			buildConfigurationList = EAABD864234C110600271CE5 /* Build configuration list for PBXNativeTarget "ArtableAdmin" */;
			buildPhases = (
				5F6F5F49C5587C11378C204C /* [CP] Check Pods Manifest.lock */,
				EAABD84F234C110300271CE5 /* Sources */,
				EAABD850234C110300271CE5 /* Frameworks */,
				EAABD851234C110300271CE5 /* Resources */,
				4ECF8379364601EEEA757316 /* [CP] Embed Pods Frameworks */,
			);
			buildRules = (
			);
			dependencies = (
			);
			name = ArtableAdmin;
			productName = ArtableAdmin;
			productReference = EAABD853234C110300271CE5 /* ArtableAdmin.app */;
			productType = "com.apple.product-type.application";
		};
/* End PBXNativeTarget section */

/* Begin PBXProject section */
		EAABD830234C102200271CE5 /* Project object */ = {
			isa = PBXProject;
			attributes = {
				LastSwiftUpdateCheck = 1100;
				LastUpgradeCheck = 1100;
				ORGANIZATIONNAME = "Vu Duong";
				TargetAttributes = {
					EAABD837234C102200271CE5 = {
						CreatedOnToolsVersion = 11.0;
					};
					EAABD852234C110300271CE5 = {
						CreatedOnToolsVersion = 11.0;
					};
				};
			};
			buildConfigurationList = EAABD833234C102200271CE5 /* Build configuration list for PBXProject "Artable" */;
			compatibilityVersion = "Xcode 9.3";
			developmentRegion = en;
			hasScannedForEncodings = 0;
			knownRegions = (
				en,
				Base,
			);
			mainGroup = EAABD82F234C102200271CE5;
			productRefGroup = EAABD839234C102200271CE5 /* Products */;
			projectDirPath = "";
			projectRoot = "";
			targets = (
				EAABD837234C102200271CE5 /* Artable */,
				EAABD852234C110300271CE5 /* ArtableAdmin */,
			);
		};
/* End PBXProject section */

/* Begin PBXResourcesBuildPhase section */
		EAABD836234C102200271CE5 /* Resources */ = {
			isa = PBXResourcesBuildPhase;
			buildActionMask = 2147483647;
			files = (
				EAABD848234C102800271CE5 /* LaunchScreen.storyboard in Resources */,
				EAABD845234C102800271CE5 /* Assets.xcassets in Resources */,
				EA3C0FB3234D089800E1F05D /* GoogleService-Info.plist in Resources */,
				EAABD843234C102200271CE5 /* Main.storyboard in Resources */,
				EAABD86A234C15B800271CE5 /* LoginStoryboard.storyboard in Resources */,
			);
			runOnlyForDeploymentPostprocessing = 0;
		};
		EAABD851234C110300271CE5 /* Resources */ = {
			isa = PBXResourcesBuildPhase;
			buildActionMask = 2147483647;
			files = (
				EAABD862234C110600271CE5 /* LaunchScreen.storyboard in Resources */,
				EAABD868234C115E00271CE5 /* Assets.xcassets in Resources */,
				EA3C0FB5234D48C300E1F05D /* GoogleService-Info.plist in Resources */,
				EAABD85D234C110300271CE5 /* Main.storyboard in Resources */,
			);
			runOnlyForDeploymentPostprocessing = 0;
		};
/* End PBXResourcesBuildPhase section */

/* Begin PBXShellScriptBuildPhase section */
		3BCFE31CF4ACFF81B8034184 /* [CP] Check Pods Manifest.lock */ = {
			isa = PBXShellScriptBuildPhase;
			buildActionMask = 2147483647;
			files = (
			);
			inputPaths = (
				"${PODS_PODFILE_DIR_PATH}/Podfile.lock",
				"${PODS_ROOT}/Manifest.lock",
			);
			name = "[CP] Check Pods Manifest.lock";
			outputPaths = (
				"$(DERIVED_FILE_DIR)/Pods-Artable-checkManifestLockResult.txt",
			);
			runOnlyForDeploymentPostprocessing = 0;
			shellPath = /bin/sh;
			shellScript = "diff \"${PODS_PODFILE_DIR_PATH}/Podfile.lock\" \"${PODS_ROOT}/Manifest.lock\" > /dev/null\nif [ $? != 0 ] ; then\n    # print error to STDERR\n    echo \"error: The sandbox is not in sync with the Podfile.lock. Run 'pod install' or update your CocoaPods installation.\" >&2\n    exit 1\nfi\n# This output is used by Xcode 'outputs' to avoid re-running this script phase.\necho \"SUCCESS\" > \"${SCRIPT_OUTPUT_FILE_0}\"\n";
			showEnvVarsInLog = 0;
		};
		4ECF8379364601EEEA757316 /* [CP] Embed Pods Frameworks */ = {
			isa = PBXShellScriptBuildPhase;
			buildActionMask = 2147483647;
			files = (
			);
			inputPaths = (
				"${SRCROOT}/Pods/Target Support Files/Pods-ArtableAdmin/Pods-ArtableAdmin-frameworks.sh",
				"${BUILT_PRODUCTS_DIR}/BoringSSL-GRPC/openssl_grpc.framework",
				"${BUILT_PRODUCTS_DIR}/GTMSessionFetcher/GTMSessionFetcher.framework",
				"${BUILT_PRODUCTS_DIR}/GoogleUtilities/GoogleUtilities.framework",
				"${BUILT_PRODUCTS_DIR}/IQKeyboardManagerSwift/IQKeyboardManagerSwift.framework",
				"${BUILT_PRODUCTS_DIR}/Kingfisher/Kingfisher.framework",
				"${BUILT_PRODUCTS_DIR}/Protobuf/Protobuf.framework",
				"${BUILT_PRODUCTS_DIR}/gRPC-C++/grpcpp.framework",
				"${BUILT_PRODUCTS_DIR}/gRPC-Core/grpc.framework",
				"${BUILT_PRODUCTS_DIR}/leveldb-library/leveldb.framework",
				"${BUILT_PRODUCTS_DIR}/nanopb/nanopb.framework",
			);
			name = "[CP] Embed Pods Frameworks";
			outputPaths = (
				"${TARGET_BUILD_DIR}/${FRAMEWORKS_FOLDER_PATH}/openssl_grpc.framework",
				"${TARGET_BUILD_DIR}/${FRAMEWORKS_FOLDER_PATH}/GTMSessionFetcher.framework",
				"${TARGET_BUILD_DIR}/${FRAMEWORKS_FOLDER_PATH}/GoogleUtilities.framework",
				"${TARGET_BUILD_DIR}/${FRAMEWORKS_FOLDER_PATH}/IQKeyboardManagerSwift.framework",
				"${TARGET_BUILD_DIR}/${FRAMEWORKS_FOLDER_PATH}/Kingfisher.framework",
				"${TARGET_BUILD_DIR}/${FRAMEWORKS_FOLDER_PATH}/Protobuf.framework",
				"${TARGET_BUILD_DIR}/${FRAMEWORKS_FOLDER_PATH}/grpcpp.framework",
				"${TARGET_BUILD_DIR}/${FRAMEWORKS_FOLDER_PATH}/grpc.framework",
				"${TARGET_BUILD_DIR}/${FRAMEWORKS_FOLDER_PATH}/leveldb.framework",
				"${TARGET_BUILD_DIR}/${FRAMEWORKS_FOLDER_PATH}/nanopb.framework",
			);
			runOnlyForDeploymentPostprocessing = 0;
			shellPath = /bin/sh;
			shellScript = "\"${SRCROOT}/Pods/Target Support Files/Pods-ArtableAdmin/Pods-ArtableAdmin-frameworks.sh\"\n";
			showEnvVarsInLog = 0;
		};
		5F6F5F49C5587C11378C204C /* [CP] Check Pods Manifest.lock */ = {
			isa = PBXShellScriptBuildPhase;
			buildActionMask = 2147483647;
			files = (
			);
			inputPaths = (
				"${PODS_PODFILE_DIR_PATH}/Podfile.lock",
				"${PODS_ROOT}/Manifest.lock",
			);
			name = "[CP] Check Pods Manifest.lock";
			outputPaths = (
				"$(DERIVED_FILE_DIR)/Pods-ArtableAdmin-checkManifestLockResult.txt",
			);
			runOnlyForDeploymentPostprocessing = 0;
			shellPath = /bin/sh;
			shellScript = "diff \"${PODS_PODFILE_DIR_PATH}/Podfile.lock\" \"${PODS_ROOT}/Manifest.lock\" > /dev/null\nif [ $? != 0 ] ; then\n    # print error to STDERR\n    echo \"error: The sandbox is not in sync with the Podfile.lock. Run 'pod install' or update your CocoaPods installation.\" >&2\n    exit 1\nfi\n# This output is used by Xcode 'outputs' to avoid re-running this script phase.\necho \"SUCCESS\" > \"${SCRIPT_OUTPUT_FILE_0}\"\n";
			showEnvVarsInLog = 0;
		};
		ADCE811636573C02CF9CCCCD /* [CP] Embed Pods Frameworks */ = {
			isa = PBXShellScriptBuildPhase;
			buildActionMask = 2147483647;
			files = (
			);
			inputPaths = (
				"${SRCROOT}/Pods/Target Support Files/Pods-Artable/Pods-Artable-frameworks.sh",
				"${BUILT_PRODUCTS_DIR}/BoringSSL-GRPC/openssl_grpc.framework",
				"${BUILT_PRODUCTS_DIR}/GTMSessionFetcher/GTMSessionFetcher.framework",
				"${BUILT_PRODUCTS_DIR}/GoogleUtilities/GoogleUtilities.framework",
				"${BUILT_PRODUCTS_DIR}/IQKeyboardManagerSwift/IQKeyboardManagerSwift.framework",
				"${BUILT_PRODUCTS_DIR}/Kingfisher/Kingfisher.framework",
				"${BUILT_PRODUCTS_DIR}/Protobuf/Protobuf.framework",
				"${BUILT_PRODUCTS_DIR}/Stripe/Stripe.framework",
				"${BUILT_PRODUCTS_DIR}/gRPC-C++/grpcpp.framework",
				"${BUILT_PRODUCTS_DIR}/gRPC-Core/grpc.framework",
				"${BUILT_PRODUCTS_DIR}/leveldb-library/leveldb.framework",
				"${BUILT_PRODUCTS_DIR}/nanopb/nanopb.framework",
			);
			name = "[CP] Embed Pods Frameworks";
			outputPaths = (
				"${TARGET_BUILD_DIR}/${FRAMEWORKS_FOLDER_PATH}/openssl_grpc.framework",
				"${TARGET_BUILD_DIR}/${FRAMEWORKS_FOLDER_PATH}/GTMSessionFetcher.framework",
				"${TARGET_BUILD_DIR}/${FRAMEWORKS_FOLDER_PATH}/GoogleUtilities.framework",
				"${TARGET_BUILD_DIR}/${FRAMEWORKS_FOLDER_PATH}/IQKeyboardManagerSwift.framework",
				"${TARGET_BUILD_DIR}/${FRAMEWORKS_FOLDER_PATH}/Kingfisher.framework",
				"${TARGET_BUILD_DIR}/${FRAMEWORKS_FOLDER_PATH}/Protobuf.framework",
				"${TARGET_BUILD_DIR}/${FRAMEWORKS_FOLDER_PATH}/Stripe.framework",
				"${TARGET_BUILD_DIR}/${FRAMEWORKS_FOLDER_PATH}/grpcpp.framework",
				"${TARGET_BUILD_DIR}/${FRAMEWORKS_FOLDER_PATH}/grpc.framework",
				"${TARGET_BUILD_DIR}/${FRAMEWORKS_FOLDER_PATH}/leveldb.framework",
				"${TARGET_BUILD_DIR}/${FRAMEWORKS_FOLDER_PATH}/nanopb.framework",
			);
			runOnlyForDeploymentPostprocessing = 0;
			shellPath = /bin/sh;
			shellScript = "\"${SRCROOT}/Pods/Target Support Files/Pods-Artable/Pods-Artable-frameworks.sh\"\n";
			showEnvVarsInLog = 0;
		};
/* End PBXShellScriptBuildPhase section */

/* Begin PBXSourcesBuildPhase section */
		EAABD834234C102200271CE5 /* Sources */ = {
			isa = PBXSourcesBuildPhase;
			buildActionMask = 2147483647;
			files = (
				EAABD840234C102200271CE5 /* HomeVC.swift in Sources */,
				EA6EE15E234ECCAB005D115D /* Extensions.swift in Sources */,
				EAABD83C234C102200271CE5 /* AppDelegate.swift in Sources */,
				EA3C0FBB234D680E00E1F05D /* LoginVC.swift in Sources */,
				EA6EE1622350C7C1005D115D /* RoundedViews.swift in Sources */,
				EA6EE160234F7358005D115D /* Constants.swift in Sources */,
				EAABD83E234C102200271CE5 /* SceneDelegate.swift in Sources */,
				EA3C0FBD234D681F00E1F05D /* RegisterVC.swift in Sources */,
			);
			runOnlyForDeploymentPostprocessing = 0;
		};
		EAABD84F234C110300271CE5 /* Sources */ = {
			isa = PBXSourcesBuildPhase;
			buildActionMask = 2147483647;
			files = (
				EAABD85A234C110300271CE5 /* ViewController.swift in Sources */,
				EAABD856234C110300271CE5 /* AppDelegate.swift in Sources */,
				EAABD858234C110300271CE5 /* SceneDelegate.swift in Sources */,
			);
			runOnlyForDeploymentPostprocessing = 0;
		};
/* End PBXSourcesBuildPhase section */

/* Begin PBXVariantGroup section */
		EAABD841234C102200271CE5 /* Main.storyboard */ = {
			isa = PBXVariantGroup;
			children = (
				EAABD842234C102200271CE5 /* Base */,
			);
			name = Main.storyboard;
			sourceTree = "<group>";
		};
		EAABD846234C102800271CE5 /* LaunchScreen.storyboard */ = {
			isa = PBXVariantGroup;
			children = (
				EAABD847234C102800271CE5 /* Base */,
			);
			name = LaunchScreen.storyboard;
			sourceTree = "<group>";
		};
		EAABD85B234C110300271CE5 /* Main.storyboard */ = {
			isa = PBXVariantGroup;
			children = (
				EAABD85C234C110300271CE5 /* Base */,
			);
			name = Main.storyboard;
			sourceTree = "<group>";
		};
		EAABD860234C110600271CE5 /* LaunchScreen.storyboard */ = {
			isa = PBXVariantGroup;
			children = (
				EAABD861234C110600271CE5 /* Base */,
			);
			name = LaunchScreen.storyboard;
			sourceTree = "<group>";
		};
/* End PBXVariantGroup section */

/* Begin XCBuildConfiguration section */
		EAABD84A234C102800271CE5 /* Debug */ = {
			isa = XCBuildConfiguration;
			buildSettings = {
				ALWAYS_SEARCH_USER_PATHS = NO;
				CLANG_ANALYZER_NONNULL = YES;
				CLANG_ANALYZER_NUMBER_OBJECT_CONVERSION = YES_AGGRESSIVE;
				CLANG_CXX_LANGUAGE_STANDARD = "gnu++14";
				CLANG_CXX_LIBRARY = "libc++";
				CLANG_ENABLE_MODULES = YES;
				CLANG_ENABLE_OBJC_ARC = YES;
				CLANG_ENABLE_OBJC_WEAK = YES;
				CLANG_WARN_BLOCK_CAPTURE_AUTORELEASING = YES;
				CLANG_WARN_BOOL_CONVERSION = YES;
				CLANG_WARN_COMMA = YES;
				CLANG_WARN_CONSTANT_CONVERSION = YES;
				CLANG_WARN_DEPRECATED_OBJC_IMPLEMENTATIONS = YES;
				CLANG_WARN_DIRECT_OBJC_ISA_USAGE = YES_ERROR;
				CLANG_WARN_DOCUMENTATION_COMMENTS = YES;
				CLANG_WARN_EMPTY_BODY = YES;
				CLANG_WARN_ENUM_CONVERSION = YES;
				CLANG_WARN_INFINITE_RECURSION = YES;
				CLANG_WARN_INT_CONVERSION = YES;
				CLANG_WARN_NON_LITERAL_NULL_CONVERSION = YES;
				CLANG_WARN_OBJC_IMPLICIT_RETAIN_SELF = YES;
				CLANG_WARN_OBJC_LITERAL_CONVERSION = YES;
				CLANG_WARN_OBJC_ROOT_CLASS = YES_ERROR;
				CLANG_WARN_RANGE_LOOP_ANALYSIS = YES;
				CLANG_WARN_STRICT_PROTOTYPES = YES;
				CLANG_WARN_SUSPICIOUS_MOVE = YES;
				CLANG_WARN_UNGUARDED_AVAILABILITY = YES_AGGRESSIVE;
				CLANG_WARN_UNREACHABLE_CODE = YES;
				CLANG_WARN__DUPLICATE_METHOD_MATCH = YES;
				COPY_PHASE_STRIP = NO;
				DEBUG_INFORMATION_FORMAT = dwarf;
				ENABLE_STRICT_OBJC_MSGSEND = YES;
				ENABLE_TESTABILITY = YES;
				GCC_C_LANGUAGE_STANDARD = gnu11;
				GCC_DYNAMIC_NO_PIC = NO;
				GCC_NO_COMMON_BLOCKS = YES;
				GCC_OPTIMIZATION_LEVEL = 0;
				GCC_PREPROCESSOR_DEFINITIONS = (
					"DEBUG=1",
					"$(inherited)",
				);
				GCC_WARN_64_TO_32_BIT_CONVERSION = YES;
				GCC_WARN_ABOUT_RETURN_TYPE = YES_ERROR;
				GCC_WARN_UNDECLARED_SELECTOR = YES;
				GCC_WARN_UNINITIALIZED_AUTOS = YES_AGGRESSIVE;
				GCC_WARN_UNUSED_FUNCTION = YES;
				GCC_WARN_UNUSED_VARIABLE = YES;
				IPHONEOS_DEPLOYMENT_TARGET = 13.0;
				MTL_ENABLE_DEBUG_INFO = INCLUDE_SOURCE;
				MTL_FAST_MATH = YES;
				ONLY_ACTIVE_ARCH = YES;
				SDKROOT = iphoneos;
				SWIFT_ACTIVE_COMPILATION_CONDITIONS = DEBUG;
				SWIFT_OPTIMIZATION_LEVEL = "-Onone";
			};
			name = Debug;
		};
		EAABD84B234C102800271CE5 /* Release */ = {
			isa = XCBuildConfiguration;
			buildSettings = {
				ALWAYS_SEARCH_USER_PATHS = NO;
				CLANG_ANALYZER_NONNULL = YES;
				CLANG_ANALYZER_NUMBER_OBJECT_CONVERSION = YES_AGGRESSIVE;
				CLANG_CXX_LANGUAGE_STANDARD = "gnu++14";
				CLANG_CXX_LIBRARY = "libc++";
				CLANG_ENABLE_MODULES = YES;
				CLANG_ENABLE_OBJC_ARC = YES;
				CLANG_ENABLE_OBJC_WEAK = YES;
				CLANG_WARN_BLOCK_CAPTURE_AUTORELEASING = YES;
				CLANG_WARN_BOOL_CONVERSION = YES;
				CLANG_WARN_COMMA = YES;
				CLANG_WARN_CONSTANT_CONVERSION = YES;
				CLANG_WARN_DEPRECATED_OBJC_IMPLEMENTATIONS = YES;
				CLANG_WARN_DIRECT_OBJC_ISA_USAGE = YES_ERROR;
				CLANG_WARN_DOCUMENTATION_COMMENTS = YES;
				CLANG_WARN_EMPTY_BODY = YES;
				CLANG_WARN_ENUM_CONVERSION = YES;
				CLANG_WARN_INFINITE_RECURSION = YES;
				CLANG_WARN_INT_CONVERSION = YES;
				CLANG_WARN_NON_LITERAL_NULL_CONVERSION = YES;
				CLANG_WARN_OBJC_IMPLICIT_RETAIN_SELF = YES;
				CLANG_WARN_OBJC_LITERAL_CONVERSION = YES;
				CLANG_WARN_OBJC_ROOT_CLASS = YES_ERROR;
				CLANG_WARN_RANGE_LOOP_ANALYSIS = YES;
				CLANG_WARN_STRICT_PROTOTYPES = YES;
				CLANG_WARN_SUSPICIOUS_MOVE = YES;
				CLANG_WARN_UNGUARDED_AVAILABILITY = YES_AGGRESSIVE;
				CLANG_WARN_UNREACHABLE_CODE = YES;
				CLANG_WARN__DUPLICATE_METHOD_MATCH = YES;
				COPY_PHASE_STRIP = NO;
				DEBUG_INFORMATION_FORMAT = "dwarf-with-dsym";
				ENABLE_NS_ASSERTIONS = NO;
				ENABLE_STRICT_OBJC_MSGSEND = YES;
				GCC_C_LANGUAGE_STANDARD = gnu11;
				GCC_NO_COMMON_BLOCKS = YES;
				GCC_WARN_64_TO_32_BIT_CONVERSION = YES;
				GCC_WARN_ABOUT_RETURN_TYPE = YES_ERROR;
				GCC_WARN_UNDECLARED_SELECTOR = YES;
				GCC_WARN_UNINITIALIZED_AUTOS = YES_AGGRESSIVE;
				GCC_WARN_UNUSED_FUNCTION = YES;
				GCC_WARN_UNUSED_VARIABLE = YES;
				IPHONEOS_DEPLOYMENT_TARGET = 13.0;
				MTL_ENABLE_DEBUG_INFO = NO;
				MTL_FAST_MATH = YES;
				SDKROOT = iphoneos;
				SWIFT_COMPILATION_MODE = wholemodule;
				SWIFT_OPTIMIZATION_LEVEL = "-O";
				VALIDATE_PRODUCT = YES;
			};
			name = Release;
		};
		EAABD84D234C102800271CE5 /* Debug */ = {
			isa = XCBuildConfiguration;
			baseConfigurationReference = 5E80DE97E3FC06F47B0EF597 /* Pods-Artable.debug.xcconfig */;
			buildSettings = {
				ASSETCATALOG_COMPILER_APPICON_NAME = AppIcon;
				CODE_SIGN_STYLE = Automatic;
				DEVELOPMENT_TEAM = SL2PQN527J;
				INFOPLIST_FILE = Artable/Info.plist;
				LD_RUNPATH_SEARCH_PATHS = (
					"$(inherited)",
					"@executable_path/Frameworks",
				);
				PRODUCT_BUNDLE_IDENTIFIER = com.vuduong.Artable;
				PRODUCT_NAME = "$(TARGET_NAME)";
				SWIFT_VERSION = 5.0;
				TARGETED_DEVICE_FAMILY = "1,2";
			};
			name = Debug;
		};
		EAABD84E234C102800271CE5 /* Release */ = {
			isa = XCBuildConfiguration;
			baseConfigurationReference = B64976007A1220AC14598011 /* Pods-Artable.release.xcconfig */;
			buildSettings = {
				ASSETCATALOG_COMPILER_APPICON_NAME = AppIcon;
				CODE_SIGN_STYLE = Automatic;
				DEVELOPMENT_TEAM = SL2PQN527J;
				INFOPLIST_FILE = Artable/Info.plist;
				LD_RUNPATH_SEARCH_PATHS = (
					"$(inherited)",
					"@executable_path/Frameworks",
				);
				PRODUCT_BUNDLE_IDENTIFIER = com.vuduong.Artable;
				PRODUCT_NAME = "$(TARGET_NAME)";
				SWIFT_VERSION = 5.0;
				TARGETED_DEVICE_FAMILY = "1,2";
			};
			name = Release;
		};
		EAABD865234C110600271CE5 /* Debug */ = {
			isa = XCBuildConfiguration;
			baseConfigurationReference = 7736106770A721F9476F62CF /* Pods-ArtableAdmin.debug.xcconfig */;
			buildSettings = {
				ASSETCATALOG_COMPILER_APPICON_NAME = AppIcon;
				CODE_SIGN_STYLE = Automatic;
				DEVELOPMENT_TEAM = SL2PQN527J;
				INFOPLIST_FILE = ArtableAdmin/Info.plist;
				LD_RUNPATH_SEARCH_PATHS = (
					"$(inherited)",
					"@executable_path/Frameworks",
				);
				PRODUCT_BUNDLE_IDENTIFIER = com.vuduong.ArtableAdmin;
				PRODUCT_NAME = "$(TARGET_NAME)";
				SWIFT_VERSION = 5.0;
				TARGETED_DEVICE_FAMILY = "1,2";
			};
			name = Debug;
		};
		EAABD866234C110600271CE5 /* Release */ = {
			isa = XCBuildConfiguration;
			baseConfigurationReference = DA728859549FD7AB3594877B /* Pods-ArtableAdmin.release.xcconfig */;
			buildSettings = {
				ASSETCATALOG_COMPILER_APPICON_NAME = AppIcon;
				CODE_SIGN_STYLE = Automatic;
				DEVELOPMENT_TEAM = SL2PQN527J;
				INFOPLIST_FILE = ArtableAdmin/Info.plist;
				LD_RUNPATH_SEARCH_PATHS = (
					"$(inherited)",
					"@executable_path/Frameworks",
				);
				PRODUCT_BUNDLE_IDENTIFIER = com.vuduong.ArtableAdmin;
				PRODUCT_NAME = "$(TARGET_NAME)";
				SWIFT_VERSION = 5.0;
				TARGETED_DEVICE_FAMILY = "1,2";
			};
			name = Release;
		};
/* End XCBuildConfiguration section */

/* Begin XCConfigurationList section */
		EAABD833234C102200271CE5 /* Build configuration list for PBXProject "Artable" */ = {
			isa = XCConfigurationList;
			buildConfigurations = (
				EAABD84A234C102800271CE5 /* Debug */,
				EAABD84B234C102800271CE5 /* Release */,
			);
			defaultConfigurationIsVisible = 0;
			defaultConfigurationName = Release;
		};
		EAABD84C234C102800271CE5 /* Build configuration list for PBXNativeTarget "Artable" */ = {
			isa = XCConfigurationList;
			buildConfigurations = (
				EAABD84D234C102800271CE5 /* Debug */,
				EAABD84E234C102800271CE5 /* Release */,
			);
			defaultConfigurationIsVisible = 0;
			defaultConfigurationName = Release;
		};
		EAABD864234C110600271CE5 /* Build configuration list for PBXNativeTarget "ArtableAdmin" */ = {
			isa = XCConfigurationList;
			buildConfigurations = (
				EAABD865234C110600271CE5 /* Debug */,
				EAABD866234C110600271CE5 /* Release */,
			);
			defaultConfigurationIsVisible = 0;
			defaultConfigurationName = Release;
		};
/* End XCConfigurationList section */
	};
	rootObject = EAABD830234C102200271CE5 /* Project object */;
}
